
Microsoft Visual Studio Solution File, Format Version 12.00
# Visual Studio Version 17
VisualStudioVersion = 17.5.33516.290
MinimumVisualStudioVersion = 10.0.40219.1
Project("{FAE04EC0-301F-11D3-BF4B-00C04F79EFBC}") = "QLKHCN_API", "QLKHCN_API\QLKHCN_API.csproj", "{1920600A-5A56-4416-857E-65ECE7C916DB}"
EndProject
Global
	GlobalSection(SolutionConfigurationPlatforms) = preSolution
		Debug|Any CPU = Debug|Any CPU
		Release|Any CPU = Release|Any CPU
	EndGlobalSection
	GlobalSection(ProjectConfigurationPlatforms) = postSolution
		{1920600A-5A56-4416-857E-65ECE7C916DB}.Debug|Any CPU.ActiveCfg = Debug|Any CPU
		{1920600A-5A56-4416-857E-65ECE7C916DB}.Debug|Any CPU.Build.0 = Debug|Any CPU
		{1920600A-5A56-4416-857E-65ECE7C916DB}.Release|Any CPU.ActiveCfg = Release|Any CPU
		{1920600A-5A56-4416-857E-65ECE7C916DB}.Release|Any CPU.Build.0 = Release|Any CPU
	EndGlobalSection
	GlobalSection(SolutionProperties) = preSolution
		HideSolutionNode = FALSE
	EndGlobalSection
	GlobalSection(ExtensibilityGlobals) = postSolution
		SolutionGuid = {875A1501-4731-4222-BDBF-35D39E1869EF}
	EndGlobalSection
EndGlobal
